
Microsoft Visual Studio Solution File, Format Version 12.00
# Visual Studio Version 17
VisualStudioVersion = 17.6.33712.159
MinimumVisualStudioVersion = 10.0.40219.1
Project("{8BC9CEB8-8B4A-11D0-8D11-00A0C91BC942}") = "Licenta", "Licenta.vcxproj", "{4D720B45-1B97-4BD8-A67C-B97AEE7E86B1}"
EndProject
Project("{2150E333-8FDC-42A3-9474-1A3956D46DE8}") = "Solution Items", "Solution Items", "{11585727-CEEA-477B-BFDB-C7E82B122075}"
	ProjectSection(SolutionItems) = preProject
		Help.txt = Help.txt
	EndProjectSection
EndProject
Global
	GlobalSection(SolutionConfigurationPlatforms) = preSolution
		Debug|x64 = Debug|x64
		Debug|x86 = Debug|x86
		Release|x64 = Release|x64
		Release|x86 = Release|x86
	EndGlobalSection
	GlobalSection(ProjectConfigurationPlatforms) = postSolution
		{4D720B45-1B97-4BD8-A67C-B97AEE7E86B1}.Debug|x64.ActiveCfg = Debug|x64
		{4D720B45-1B97-4BD8-A67C-B97AEE7E86B1}.Debug|x64.Build.0 = Debug|x64
		{4D720B45-1B97-4BD8-A67C-B97AEE7E86B1}.Debug|x86.ActiveCfg = Debug|Win32
		{4D720B45-1B97-4BD8-A67C-B97AEE7E86B1}.Debug|x86.Build.0 = Debug|Win32
		{4D720B45-1B97-4BD8-A67C-B97AEE7E86B1}.Release|x64.ActiveCfg = Release|x64
		{4D720B45-1B97-4BD8-A67C-B97AEE7E86B1}.Release|x64.Build.0 = Release|x64
		{4D720B45-1B97-4BD8-A67C-B97AEE7E86B1}.Release|x86.ActiveCfg = Release|Win32
		{4D720B45-1B97-4BD8-A67C-B97AEE7E86B1}.Release|x86.Build.0 = Release|Win32
	EndGlobalSection
	GlobalSection(SolutionProperties) = preSolution
		HideSolutionNode = FALSE
	EndGlobalSection
	GlobalSection(ExtensibilityGlobals) = postSolution
		SolutionGuid = {4E96CAD7-5F30-4FBE-975E-2D2AFD8832CA}
	EndGlobalSection
EndGlobal
